
Microsoft Visual Studio Solution File, Format Version 12.00
# Visual Studio Version 17
VisualStudioVersion = 17.6.33723.286
MinimumVisualStudioVersion = 10.0.40219.1
Project("{9A19103F-16F7-4668-BE54-9A1E7A4F7556}") = "ProjetSession", "ProjetSession\ProjetSession.csproj", "{5E26CBAF-5C31-46FB-8B8A-663811B949EB}"
EndProject
Project("{FAE04EC0-301F-11D3-BF4B-00C04F79EFBC}") = "TestsUnitaires", "TestsUnitaires\TestsUnitaires.csproj", "{B5218505-19A0-4DE8-AA30-3D48E8E8058A}"
EndProject
Global
	GlobalSection(SolutionConfigurationPlatforms) = preSolution
		Debug|Any CPU = Debug|Any CPU
		Release|Any CPU = Release|Any CPU
	EndGlobalSection
	GlobalSection(ProjectConfigurationPlatforms) = postSolution
		{5E26CBAF-5C31-46FB-8B8A-663811B949EB}.Debug|Any CPU.ActiveCfg = Debug|Any CPU
		{5E26CBAF-5C31-46FB-8B8A-663811B949EB}.Debug|Any CPU.Build.0 = Debug|Any CPU
		{5E26CBAF-5C31-46FB-8B8A-663811B949EB}.Release|Any CPU.ActiveCfg = Release|Any CPU
		{5E26CBAF-5C31-46FB-8B8A-663811B949EB}.Release|Any CPU.Build.0 = Release|Any CPU
		{B5218505-19A0-4DE8-AA30-3D48E8E8058A}.Debug|Any CPU.ActiveCfg = Debug|Any CPU
		{B5218505-19A0-4DE8-AA30-3D48E8E8058A}.Debug|Any CPU.Build.0 = Debug|Any CPU
		{B5218505-19A0-4DE8-AA30-3D48E8E8058A}.Release|Any CPU.ActiveCfg = Release|Any CPU
		{B5218505-19A0-4DE8-AA30-3D48E8E8058A}.Release|Any CPU.Build.0 = Release|Any CPU
	EndGlobalSection
	GlobalSection(SolutionProperties) = preSolution
		HideSolutionNode = FALSE
	EndGlobalSection
	GlobalSection(ExtensibilityGlobals) = postSolution
		SolutionGuid = {B5B05584-F3A7-4DF9-9779-7E5D941E7F12}
	EndGlobalSection
EndGlobal
